
Microsoft Visual Studio Solution File, Format Version 12.00
# Visual Studio Version 16
VisualStudioVersion = 16.0.30011.22
MinimumVisualStudioVersion = 10.0.40219.1
Project("{FAE04EC0-301F-11D3-BF4B-00C04F79EFBC}") = "KillBanditsRaiseRelations", "TestMod\KillBanditsRaiseRelations.csproj", "{4B43955F-C7BF-4577-A5CD-7F20ACD10528}"
EndProject
Project("{2150E333-8FDC-42A3-9474-1A3956D46DE8}") = "test", "test", "{F581367C-03AA-4D9F-A9F2-C24D010B15BC}"
EndProject
Global
	GlobalSection(SolutionConfigurationPlatforms) = preSolution
		Debug|Any CPU = Debug|Any CPU
		Release|Any CPU = Release|Any CPU
	EndGlobalSection
	GlobalSection(ProjectConfigurationPlatforms) = postSolution
		{4B43955F-C7BF-4577-A5CD-7F20ACD10528}.Debug|Any CPU.ActiveCfg = Debug|Any CPU
		{4B43955F-C7BF-4577-A5CD-7F20ACD10528}.Debug|Any CPU.Build.0 = Debug|Any CPU
		{4B43955F-C7BF-4577-A5CD-7F20ACD10528}.Release|Any CPU.ActiveCfg = Release|Any CPU
		{4B43955F-C7BF-4577-A5CD-7F20ACD10528}.Release|Any CPU.Build.0 = Release|Any CPU
	EndGlobalSection
	GlobalSection(SolutionProperties) = preSolution
		HideSolutionNode = FALSE
	EndGlobalSection
	GlobalSection(ExtensibilityGlobals) = postSolution
		SolutionGuid = {8E5C9EB2-C8FE-4457-AB41-77D1EBF26A1B}
	EndGlobalSection
EndGlobal
